
Microsoft Visual Studio Solution File, Format Version 12.00
# Visual Studio Version 16
VisualStudioVersion = 25.0.1705.3
MinimumVisualStudioVersion = 10.0.40219.1
Project("{FAE04EC0-301F-11D3-BF4B-00C04F79EFBC}") = "ChessGame", "ChessGame\ChessGame.csproj", "{908C2DF6-06D6-42FB-A051-C862A7456CD4}"
EndProject
Global
	GlobalSection(SolutionConfigurationPlatforms) = preSolution
		Debug|Any CPU = Debug|Any CPU
		Release|Any CPU = Release|Any CPU
	EndGlobalSection
	GlobalSection(ProjectConfigurationPlatforms) = postSolution
		{908C2DF6-06D6-42FB-A051-C862A7456CD4}.Debug|Any CPU.ActiveCfg = Debug|Any CPU
		{908C2DF6-06D6-42FB-A051-C862A7456CD4}.Debug|Any CPU.Build.0 = Debug|Any CPU
		{908C2DF6-06D6-42FB-A051-C862A7456CD4}.Release|Any CPU.ActiveCfg = Release|Any CPU
		{908C2DF6-06D6-42FB-A051-C862A7456CD4}.Release|Any CPU.Build.0 = Release|Any CPU
	EndGlobalSection
	GlobalSection(SolutionProperties) = preSolution
		HideSolutionNode = FALSE
	EndGlobalSection
	GlobalSection(ExtensibilityGlobals) = postSolution
		SolutionGuid = {AB517C2A-487D-4560-96F4-2B34DDF06110}
	EndGlobalSection
EndGlobal
